# @generated - this file is auto-generated by `mise lock` https://mise.jdx.dev/dev-tools/mise-lock.html

lockfile_version = 3

[[tools.actionlint]]
version = "1.7.12"
backend = "aqua:rhysd/actionlint"
specifiers = ["latest"]

[tools.actionlint."platforms.linux-arm64"]
checksum = "sha256:325e971b6ba9bfa504672e29be93c24981eeb1c07576d730e9f7c8805afff0c6"
url = "https://github.com/rhysd/actionlint/releases/download/v1.7.12/actionlint_1.7.12_linux_arm64.tar.gz"
url_api = "https://api.github.com/repos/rhysd/actionlint/releases/assets/384924897"

[tools.actionlint."platforms.linux-arm64-musl"]
checksum = "sha256:325e971b6ba9bfa504672e29be93c24981eeb1c07576d730e9f7c8805afff0c6"
url = "https://github.com/rhysd/actionlint/releases/download/v1.7.12/actionlint_1.7.12_linux_arm64.tar.gz"
url_api = "https://api.github.com/repos/rhysd/actionlint/releases/assets/384924897"

[tools.actionlint."platforms.linux-x64"]
checksum = "sha256:8aca8db96f1b94770f1b0d72b6dddcb1ebb8123cb3712530b08cc387b349a3d8"
url = "https://github.com/rhysd/actionlint/releases/download/v1.7.12/actionlint_1.7.12_linux_amd64.tar.gz"
url_api = "https://api.github.com/repos/rhysd/actionlint/releases/assets/384924896"

[tools.actionlint."platforms.linux-x64-musl"]
checksum = "sha256:8aca8db96f1b94770f1b0d72b6dddcb1ebb8123cb3712530b08cc387b349a3d8"
url = "https://github.com/rhysd/actionlint/releases/download/v1.7.12/actionlint_1.7.12_linux_amd64.tar.gz"
url_api = "https://api.github.com/repos/rhysd/actionlint/releases/assets/384924896"

[tools.actionlint."platforms.macos-arm64"]
checksum = "sha256:aba9ced2dee8d27fecca3dc7feb1a7f9a52caefa1eb46f3271ea66b6e0e6953f"
url = "https://github.com/rhysd/actionlint/releases/download/v1.7.12/actionlint_1.7.12_darwin_arm64.tar.gz"
url_api = "https://api.github.com/repos/rhysd/actionlint/releases/assets/384924893"

[tools.actionlint."platforms.macos-x64"]
checksum = "sha256:5b44c3bc2255115c9b69e30efc0fecdf498fdb63c5d58e17084fd5f16324c644"
url = "https://github.com/rhysd/actionlint/releases/download/v1.7.12/actionlint_1.7.12_darwin_amd64.tar.gz"
url_api = "https://api.github.com/repos/rhysd/actionlint/releases/assets/384924880"

[tools.actionlint."platforms.windows-x64"]
checksum = "sha256:6e7241b51e6817ea6a047693d8e6fed13b31819c9a0dd6c5a726e1592d22f6e9"
url = "https://github.com/rhysd/actionlint/releases/download/v1.7.12/actionlint_1.7.12_windows_amd64.zip"
url_api = "https://api.github.com/repos/rhysd/actionlint/releases/assets/384924919"

[[tools.awscli]]
version = "2.34.26"
backend = "aqua:aws/aws-cli"
specifiers = ["2"]

[tools.awscli."platforms.linux-arm64"]
checksum = "sha256:b9d249bfb3cf77eb02468e619619191f0370564b9940d4530585a77e17e94948"
url = "https://awscli.amazonaws.com/awscli-exe-linux-aarch64-2.34.26.zip"

[tools.awscli."platforms.linux-arm64-musl"]
checksum = "sha256:b9d249bfb3cf77eb02468e619619191f0370564b9940d4530585a77e17e94948"
url = "https://awscli.amazonaws.com/awscli-exe-linux-aarch64-2.34.26.zip"

[tools.awscli."platforms.linux-x64"]
checksum = "sha256:209aeaf8b724b10db12299d4b6cca51dbd8ce3b3339ccf08d1f6d9570561cb3f"
url = "https://awscli.amazonaws.com/awscli-exe-linux-x86_64-2.34.26.zip"

[tools.awscli."platforms.linux-x64-musl"]
checksum = "sha256:209aeaf8b724b10db12299d4b6cca51dbd8ce3b3339ccf08d1f6d9570561cb3f"
url = "https://awscli.amazonaws.com/awscli-exe-linux-x86_64-2.34.26.zip"

[tools.awscli."platforms.macos-arm64"]
checksum = "sha256:5aee499162c9a04df079107d4f34218c4bad12156d0d838d3ead660e9e9298a8"
url = "https://awscli.amazonaws.com/AWSCLIV2-2.34.26.pkg"

[tools.awscli."platforms.macos-x64"]
checksum = "sha256:5aee499162c9a04df079107d4f34218c4bad12156d0d838d3ead660e9e9298a8"
url = "https://awscli.amazonaws.com/AWSCLIV2-2.34.26.pkg"

[[tools.gcloud]]
version = "587.0.0"
backend = "vfox:jdx/vfox-gcloud"
specifiers = ["latest"]

[tools.gcloud."platforms.linux-arm64"]
url = "https://storage.googleapis.com/cloud-sdk-release/google-cloud-sdk-587.0.0-linux-arm.tar.gz"

[tools.gcloud."platforms.linux-arm64-musl"]
url = "https://storage.googleapis.com/cloud-sdk-release/google-cloud-sdk-587.0.0-linux-arm.tar.gz"

[tools.gcloud."platforms.linux-x64"]
url = "https://storage.googleapis.com/cloud-sdk-release/google-cloud-sdk-587.0.0-linux-x86_64.tar.gz"

[tools.gcloud."platforms.linux-x64-musl"]
url = "https://storage.googleapis.com/cloud-sdk-release/google-cloud-sdk-587.0.0-linux-x86_64.tar.gz"

[tools.gcloud."platforms.macos-arm64"]
url = "https://storage.googleapis.com/cloud-sdk-release/google-cloud-sdk-587.0.0-darwin-arm.tar.gz"

[tools.gcloud."platforms.macos-x64"]
url = "https://storage.googleapis.com/cloud-sdk-release/google-cloud-sdk-587.0.0-darwin-x86_64.tar.gz"

[tools.gcloud."platforms.windows-x64"]
url = "https://storage.googleapis.com/cloud-sdk-release/google-cloud-sdk-587.0.0-windows-x86_64-bundled-python.zip"

[[tools."github:anomalyco/opencode"]]
version = "1.18.34"
backend = "github:anomalyco/opencode"
specifiers = ["latest"]

[tools."github:anomalyco/opencode"."platforms.linux-arm64"]
checksum = "sha256:bbdb3f00c2c51e42e315525233151309724226a8776da8e9145e3b0fa3d5310f"
url = "https://github.com/anomalyco/opencode/releases/download/v1.18.34/opencode-linux-arm64.tar.gz"
url_api = "https://api.github.com/repos/anomalyco/opencode/releases/assets/601904056"
provenance = "github-attestations"

[tools."github:anomalyco/opencode"."platforms.linux-arm64-musl"]
checksum = "sha256:eaf0692e4b60dca382a126ca607d617be7b6eaf82d318a828f2b6eb1eacea99a"
url = "https://github.com/anomalyco/opencode/releases/download/v1.18.34/opencode-linux-arm64-musl.tar.gz"
url_api = "https://api.github.com/repos/anomalyco/opencode/releases/assets/601904034"
provenance = "github-attestations"

[tools."github:anomalyco/opencode"."platforms.linux-x64"]
checksum = "sha256:0f22479647226d1d2dd99595d20082ee7bda3870b62dc6a90b41efc1a71d7e9a"
url = "https://github.com/anomalyco/opencode/releases/download/v1.18.34/opencode-linux-x64.tar.gz"
url_api = "https://api.github.com/repos/anomalyco/opencode/releases/assets/601903965"
provenance = "github-attestations"

[tools."github:anomalyco/opencode"."platforms.linux-x64-musl"]
checksum = "sha256:9dd4470885d07205e31b702465564aaee97be26ee3dc192ec6702a15e7a21272"
url = "https://github.com/anomalyco/opencode/releases/download/v1.18.34/opencode-linux-x64-musl.tar.gz"
url_api = "https://api.github.com/repos/anomalyco/opencode/releases/assets/601903962"
provenance = "github-attestations"

[tools."github:anomalyco/opencode"."platforms.macos-arm64"]
checksum = "sha256:8522b70f545184b3a8d97c5ca4f814093b2476d72aebfda8c48bcd072ec31d1b"
url = "https://github.com/anomalyco/opencode/releases/download/v1.18.34/opencode-darwin-arm64.zip"
url_api = "https://api.github.com/repos/anomalyco/opencode/releases/assets/601909071"
provenance = "github-attestations"

[tools."github:anomalyco/opencode"."platforms.macos-x64"]
checksum = "sha256:66bf0638cffad3b65bd6648cc3947619e1dd71f4bfeee0a81e087ac036bb1088"
url = "https://github.com/anomalyco/opencode/releases/download/v1.18.34/opencode-darwin-x64.zip"
url_api = "https://api.github.com/repos/anomalyco/opencode/releases/assets/601909069"
provenance = "github-attestations"

[tools."github:anomalyco/opencode"."platforms.windows-x64"]
checksum = "sha256:8ec42ed1ad8db108052394b83ab69d0331398f761fbfff5fe50f91d65bdd3548"
url = "https://github.com/anomalyco/opencode/releases/download/v1.18.34/opencode-windows-x64.zip"
url_api = "https://api.github.com/repos/anomalyco/opencode/releases/assets/601908697"
provenance = "github-attestations"

[[tools."github:anthropics/claude-code"]]
version = "2.1.287"
backend = "github:anthropics/claude-code"
specifiers = ["latest"]

[tools."github:anthropics/claude-code"."platforms.linux-arm64"]
checksum = "sha256:9b1f2996166948602b399cea6c11a654f52ac3b38c27142dfa4e6420e57eb3bd"
url = "https://github.com/anthropics/claude-code/releases/download/v2.1.287/claude-linux-arm64.tar.gz"
url_api = "https://api.github.com/repos/anthropics/claude-code/releases/assets/603710525"
provenance = "github-attestations"

[tools."github:anthropics/claude-code"."platforms.linux-arm64-musl"]
checksum = "sha256:6b52a82507e5a71e21fc1e70b63bad4cb4d939b41218cc0d40779058837e914a"
url = "https://github.com/anthropics/claude-code/releases/download/v2.1.287/claude-linux-arm64-musl.tar.gz"
url_api = "https://api.github.com/repos/anthropics/claude-code/releases/assets/603710527"
provenance = "github-attestations"

[tools."github:anthropics/claude-code"."platforms.linux-x64"]
checksum = "sha256:627e578d436ebc12daf059c0379dee23f77c761fb7d2ad5de82645dc29b24372"
url = "https://github.com/anthropics/claude-code/releases/download/v2.1.287/claude-linux-x64.tar.gz"
url_api = "https://api.github.com/repos/anthropics/claude-code/releases/assets/603710749"
provenance = "github-attestations"

[tools."github:anthropics/claude-code"."platforms.linux-x64-musl"]
checksum = "sha256:f6457822fa75fb2246031b30b2b68c0126ded7e3c5437c77ba8616f34493c35b"
url = "https://github.com/anthropics/claude-code/releases/download/v2.1.287/claude-linux-x64-musl.tar.gz"
url_api = "https://api.github.com/repos/anthropics/claude-code/releases/assets/603710523"
provenance = "github-attestations"

[tools."github:anthropics/claude-code"."platforms.macos-arm64"]
checksum = "sha256:43b83e4bf099f47efe590c8da0db43b33109c558ae81b8d1c7b1d024db86d6ef"
url = "https://github.com/anthropics/claude-code/releases/download/v2.1.287/claude-darwin-arm64.tar.gz"
url_api = "https://api.github.com/repos/anthropics/claude-code/releases/assets/603710526"
provenance = "github-attestations"

[tools."github:anthropics/claude-code"."platforms.macos-x64"]
checksum = "sha256:7a33c480c439702c7cb28c4614fc9178f3b08d18038472b74a8fb939570b092f"
url = "https://github.com/anthropics/claude-code/releases/download/v2.1.287/claude-darwin-x64.tar.gz"
url_api = "https://api.github.com/repos/anthropics/claude-code/releases/assets/603710528"
provenance = "github-attestations"

[tools."github:anthropics/claude-code"."platforms.windows-x64"]
checksum = "sha256:3efef62507373b63f98ad3939cdf2c486ad6c18ad250912b994acc104699a14e"
url = "https://github.com/anthropics/claude-code/releases/download/v2.1.287/claude-win32-x64.zip"
url_api = "https://api.github.com/repos/anthropics/claude-code/releases/assets/603710771"
provenance = "github-attestations"

[[tools."github:google-antigravity/antigravity-cli"]]
version = "1.2.15"
backend = "github:google-antigravity/antigravity-cli"
specifiers = ["latest"]

[tools."github:google-antigravity/antigravity-cli".options]
matching = "agy_cli"

[tools."github:google-antigravity/antigravity-cli"."platforms.linux-arm64"]
checksum = "sha256:851bdabda3b2eb679d0d46b469629b91752d1f1d7497185107408b60c58c2e32"
url = "https://github.com/google-antigravity/antigravity-cli/releases/download/1.2.15/agy_cli_linux_arm64.tar.gz"
url_api = "https://api.github.com/repos/google-antigravity/antigravity-cli/releases/assets/606070341"

[tools."github:google-antigravity/antigravity-cli"."platforms.linux-arm64-musl"]
checksum = "sha256:b4a475108d8ef3272eec4da925e40288146c367baefa9407cfc63957eee390ec"
url = "https://github.com/google-antigravity/antigravity-cli/releases/download/1.2.15/agy_cli_linux_arm64_musl.tar.gz"
url_api = "https://api.github.com/repos/google-antigravity/antigravity-cli/releases/assets/606070333"

[tools."github:google-antigravity/antigravity-cli"."platforms.linux-x64"]
checksum = "sha256:bbd4a4b29f0e9fe1fc2e1345b5d44fa08540e43014da46bc2c4bf70cf05745d8"
url = "https://github.com/google-antigravity/antigravity-cli/releases/download/1.2.15/agy_cli_linux_x64.tar.gz"
url_api = "https://api.github.com/repos/google-antigravity/antigravity-cli/releases/assets/606070342"

[tools."github:google-antigravity/antigravity-cli"."platforms.linux-x64-musl"]
checksum = "sha256:8e4c09f655df5f3d1171f1c8772a267daacec8b785ef921418b0d6b21d8d5776"
url = "https://github.com/google-antigravity/antigravity-cli/releases/download/1.2.15/agy_cli_linux_x64_musl.tar.gz"
url_api = "https://api.github.com/repos/google-antigravity/antigravity-cli/releases/assets/606070337"

[tools."github:google-antigravity/antigravity-cli"."platforms.macos-arm64"]
checksum = "sha256:66f7e9e8750a506e8a2caaedaadf479f023820f712015c9c55cfb91a2891521b"
url = "https://github.com/google-antigravity/antigravity-cli/releases/download/1.2.15/agy_cli_mac_arm64.tar.gz"
url_api = "https://api.github.com/repos/google-antigravity/antigravity-cli/releases/assets/606070465"

[tools."github:google-antigravity/antigravity-cli"."platforms.macos-x64"]
checksum = "sha256:5602d71a3afc16ee07fcd0bd806842342464f78ed5fc9fea69adffd1a9e2a64d"
url = "https://github.com/google-antigravity/antigravity-cli/releases/download/1.2.15/agy_cli_mac_x64.tar.gz"
url_api = "https://api.github.com/repos/google-antigravity/antigravity-cli/releases/assets/606070334"

[tools."github:google-antigravity/antigravity-cli"."platforms.windows-x64"]
checksum = "sha256:248e76790b064a42847ac423d5825f1f5a9a655fdfdfec6fffbef8eae6887eaf"
url = "https://github.com/google-antigravity/antigravity-cli/releases/download/1.2.15/agy_cli_windows_x64.zip"
url_api = "https://api.github.com/repos/google-antigravity/antigravity-cli/releases/assets/606070486"

[[tools.hadolint]]
version = "2.15.1"
backend = "aqua:hadolint/hadolint"
specifiers = ["latest"]

[tools.hadolint."platforms.linux-arm64"]
checksum = "sha256:f6198ef8090f404dbb771abfee086eb8c48ac177f30da7fd3510aca35b344b5d"
url = "https://github.com/hadolint/hadolint/releases/download/v2.15.1/hadolint-linux-arm64"
url_api = "https://api.github.com/repos/hadolint/hadolint/releases/assets/496546507"

[tools.hadolint."platforms.linux-arm64-musl"]
checksum = "sha256:f6198ef8090f404dbb771abfee086eb8c48ac177f30da7fd3510aca35b344b5d"
url = "https://github.com/hadolint/hadolint/releases/download/v2.15.1/hadolint-linux-arm64"
url_api = "https://api.github.com/repos/hadolint/hadolint/releases/assets/496546507"

[tools.hadolint."platforms.linux-x64"]
checksum = "sha256:c7187db94eeeeca956519a6af171adc31453941a1e777961f6e680f697c8c507"
url = "https://github.com/hadolint/hadolint/releases/download/v2.15.1/hadolint-linux-x86_64"
url_api = "https://api.github.com/repos/hadolint/hadolint/releases/assets/496546506"

[tools.hadolint."platforms.linux-x64-musl"]
checksum = "sha256:c7187db94eeeeca956519a6af171adc31453941a1e777961f6e680f697c8c507"
url = "https://github.com/hadolint/hadolint/releases/download/v2.15.1/hadolint-linux-x86_64"
url_api = "https://api.github.com/repos/hadolint/hadolint/releases/assets/496546506"

[tools.hadolint."platforms.macos-arm64"]
checksum = "sha256:5c09f3213f8e40406abe048233d985eebef336d4a6a20021be47fadb6cf480a2"
url = "https://github.com/hadolint/hadolint/releases/download/v2.15.1/hadolint-macos-arm64"
url_api = "https://api.github.com/repos/hadolint/hadolint/releases/assets/496546505"

[tools.hadolint."platforms.macos-x64"]
checksum = "sha256:ffe9bb18b23d5ed1eae50237aecdbb523d016e96da0bd4e7aa432040acfc3fde"
url = "https://github.com/hadolint/hadolint/releases/download/v2.15.1/hadolint-macos-x86_64"
url_api = "https://api.github.com/repos/hadolint/hadolint/releases/assets/496546509"

[tools.hadolint."platforms.windows-x64"]
checksum = "sha256:01d927294962b5387f9ead4f18679158452be4f17c765ad0bdffe5264b9c7b0a"
url = "https://github.com/hadolint/hadolint/releases/download/v2.15.1/hadolint-windows-x86_64.exe"
url_api = "https://api.github.com/repos/hadolint/hadolint/releases/assets/496546508"

[[tools.herdr]]
version = "0.9.3"
backend = "aqua:herdrdev/herdr"
specifiers = ["latest"]

[tools.herdr."platforms.linux-arm64"]
checksum = "sha256:4de7aa3e25678812e92960de64f7c2aaa1bca1f0f80a3c5e559837e231e1f5c0"
url = "https://github.com/herdrdev/herdr/releases/download/v0.9.3/herdr-linux-aarch64"
url_api = "https://api.github.com/repos/herdrdev/herdr/releases/assets/599036386"

[tools.herdr."platforms.linux-arm64-musl"]
checksum = "sha256:4de7aa3e25678812e92960de64f7c2aaa1bca1f0f80a3c5e559837e231e1f5c0"
url = "https://github.com/herdrdev/herdr/releases/download/v0.9.3/herdr-linux-aarch64"
url_api = "https://api.github.com/repos/herdrdev/herdr/releases/assets/599036386"

[tools.herdr."platforms.linux-x64"]
checksum = "sha256:18a8dc65f1c2fa485884344356dea1cfd911c6f06cf46fa78e193f4087f4dba7"
url = "https://github.com/herdrdev/herdr/releases/download/v0.9.3/herdr-linux-x86_64"
url_api = "https://api.github.com/repos/herdrdev/herdr/releases/assets/599036383"

[tools.herdr."platforms.linux-x64-musl"]
checksum = "sha256:18a8dc65f1c2fa485884344356dea1cfd911c6f06cf46fa78e193f4087f4dba7"
url = "https://github.com/herdrdev/herdr/releases/download/v0.9.3/herdr-linux-x86_64"
url_api = "https://api.github.com/repos/herdrdev/herdr/releases/assets/599036383"

[tools.herdr."platforms.macos-arm64"]
checksum = "sha256:5173a3e0ae42d5d1ab7ebfa5d5e6329f7c3d23f8e1a3677c7ce3231da2884157"
url = "https://github.com/herdrdev/herdr/releases/download/v0.9.3/herdr-macos-aarch64"
url_api = "https://api.github.com/repos/herdrdev/herdr/releases/assets/599036381"

[tools.herdr."platforms.macos-x64"]
checksum = "sha256:db62d548ff3e832b087a96b1894a08d26be3905f1830309cd556783f215d4054"
url = "https://github.com/herdrdev/herdr/releases/download/v0.9.3/herdr-macos-x86_64"
url_api = "https://api.github.com/repos/herdrdev/herdr/releases/assets/599036385"

[tools.herdr."platforms.windows-x64"]
checksum = "sha256:c75b1fa49f7a3ba4b8b11789912a6147e4214a3b6fd3556d0f80076c8887d795"
url = "https://github.com/herdrdev/herdr/releases/download/v0.9.3/herdr-windows-x86_64.zip"
url_api = "https://api.github.com/repos/herdrdev/herdr/releases/assets/599036387"

[[tools.terragrunt]]
version = "1.1.6"
backend = "aqua:gruntwork-io/terragrunt"
specifiers = ["latest"]

[tools.terragrunt."platforms.linux-arm64"]
checksum = "sha256:6f26b85e0befe77ac5f6777f810d8560e56a55cf87d9980fc2b9e29b2d347377"
url = "https://github.com/gruntwork-io/terragrunt/releases/download/v1.1.6/terragrunt_linux_arm64.tar.gz"
url_api = "https://api.github.com/repos/gruntwork-io/terragrunt/releases/assets/579002232"

[tools.terragrunt."platforms.linux-arm64-musl"]
checksum = "sha256:6f26b85e0befe77ac5f6777f810d8560e56a55cf87d9980fc2b9e29b2d347377"
url = "https://github.com/gruntwork-io/terragrunt/releases/download/v1.1.6/terragrunt_linux_arm64.tar.gz"
url_api = "https://api.github.com/repos/gruntwork-io/terragrunt/releases/assets/579002232"

[tools.terragrunt."platforms.linux-x64"]
checksum = "sha256:5dca0e3518445199ecfd8c356532e3f134bf3082b092cd2fd61f143ab9ea7a06"
url = "https://github.com/gruntwork-io/terragrunt/releases/download/v1.1.6/terragrunt_linux_amd64.tar.gz"
url_api = "https://api.github.com/repos/gruntwork-io/terragrunt/releases/assets/579002043"

[tools.terragrunt."platforms.linux-x64-musl"]
checksum = "sha256:5dca0e3518445199ecfd8c356532e3f134bf3082b092cd2fd61f143ab9ea7a06"
url = "https://github.com/gruntwork-io/terragrunt/releases/download/v1.1.6/terragrunt_linux_amd64.tar.gz"
url_api = "https://api.github.com/repos/gruntwork-io/terragrunt/releases/assets/579002043"

[tools.terragrunt."platforms.macos-arm64"]
checksum = "sha256:c801b7c085a893ccbc5b9844522415e7bf1486d0a11341db793e76e61dc4c5f5"
url = "https://github.com/gruntwork-io/terragrunt/releases/download/v1.1.6/terragrunt_darwin_arm64.tar.gz"
url_api = "https://api.github.com/repos/gruntwork-io/terragrunt/releases/assets/579001652"

[tools.terragrunt."platforms.macos-x64"]
checksum = "sha256:bcf9f95a8ff2af20998a7baca477a5ea2b2869c86ca4d4d787c619612b00d257"
url = "https://github.com/gruntwork-io/terragrunt/releases/download/v1.1.6/terragrunt_darwin_amd64.tar.gz"
url_api = "https://api.github.com/repos/gruntwork-io/terragrunt/releases/assets/579001440"

[tools.terragrunt."platforms.windows-x64"]
checksum = "sha256:0f71dae898d43e50a5935c4e74062c53253c0c8e4aded0ccb302a7ae6fdceaa3"
url = "https://github.com/gruntwork-io/terragrunt/releases/download/v1.1.6/terragrunt_windows_amd64.exe.tar.gz"
url_api = "https://api.github.com/repos/gruntwork-io/terragrunt/releases/assets/579002572"

[[tools.zizmor]]
version = "1.30.1"
backend = "aqua:zizmorcore/zizmor"
specifiers = ["latest"]

[tools.zizmor."platforms.linux-arm64"]
checksum = "sha256:7ff1dce33bdd18fd2a4affe63bdd47efcccca97b2cec1c1863ec26e9e2647540"
url = "https://github.com/zizmorcore/zizmor/releases/download/v1.30.1/zizmor-aarch64-unknown-linux-gnu.tar.gz"
url_api = "https://api.github.com/repos/zizmorcore/zizmor/releases/assets/552067643"

[tools.zizmor."platforms.linux-x64"]
checksum = "sha256:e65324f4430c2717591937edcec90ccbefaf14c174f8ec9415e03ca875b46e1a"
url = "https://github.com/zizmorcore/zizmor/releases/download/v1.30.1/zizmor-x86_64-unknown-linux-gnu.tar.gz"
url_api = "https://api.github.com/repos/zizmorcore/zizmor/releases/assets/552067642"

[tools.zizmor."platforms.macos-arm64"]
checksum = "sha256:e28d22b087f9ebb8d99da6e740d348c930f559961c7c3f12badda54f882195a2"
url = "https://github.com/zizmorcore/zizmor/releases/download/v1.30.1/zizmor-aarch64-apple-darwin.tar.gz"
url_api = "https://api.github.com/repos/zizmorcore/zizmor/releases/assets/552067640"
[tools.zizmor."platforms.macos-x64"]
checksum = "sha256:10e6b18b11ea07e515a16f0f0518c7b07527bc9977c1fd5698181ce7f3554202"
url = "https://github.com/zizmorcore/zizmor/releases/download/v1.30.1/zizmor-x86_64-apple-darwin.tar.gz"
url_api = "https://api.github.com/repos/zizmorcore/zizmor/releases/assets/552067641"
