# @generated - this file is auto-generated by `mise lock` https://mise.jdx.dev/dev-tools/mise-lock.html

lockfile_version = 1

[[tools.actionlint]]
version = "1.7.12"
backend = "aqua:rhysd/actionlint"
specifiers = ["latest"]

[tools.actionlint."platforms.linux-arm64"]
checksum = "sha256:325e971b6ba9bfa504672e29be93c24981eeb1c07576d730e9f7c8805afff0c6"
url = "https://github.com/rhysd/actionlint/releases/download/v1.7.12/actionlint_1.7.12_linux_arm64.tar.gz"
url_api = "https://api.github.com/repos/rhysd/actionlint/releases/assets/384924897"

[tools.actionlint."platforms.linux-x64"]
checksum = "sha256:8aca8db96f1b94770f1b0d72b6dddcb1ebb8123cb3712530b08cc387b349a3d8"
url = "https://github.com/rhysd/actionlint/releases/download/v1.7.12/actionlint_1.7.12_linux_amd64.tar.gz"
url_api = "https://api.github.com/repos/rhysd/actionlint/releases/assets/384924896"

[tools.actionlint."platforms.macos-arm64"]
checksum = "sha256:aba9ced2dee8d27fecca3dc7feb1a7f9a52caefa1eb46f3271ea66b6e0e6953f"
url = "https://github.com/rhysd/actionlint/releases/download/v1.7.12/actionlint_1.7.12_darwin_arm64.tar.gz"
url_api = "https://api.github.com/repos/rhysd/actionlint/releases/assets/384924893"

[[tools."github:anomalyco/opencode"]]
version = "1.18.33"
backend = "github:anomalyco/opencode"
specifiers = ["latest"]

[tools."github:anomalyco/opencode"."platforms.linux-arm64"]
checksum = "sha256:c63486624621924bf43be5c01abd252885661a734814224f6d70188a33aea858"
url = "https://github.com/anomalyco/opencode/releases/download/v1.18.33/opencode-linux-arm64.tar.gz"
url_api = "https://api.github.com/repos/anomalyco/opencode/releases/assets/594449121"
provenance = "github-attestations"

[tools."github:anomalyco/opencode"."platforms.linux-x64"]
checksum = "sha256:e546123213ae47909a4268692aa4b94950d011afe9cac9938753a2194f1c16d5"
url = "https://github.com/anomalyco/opencode/releases/download/v1.18.33/opencode-linux-x64.tar.gz"
url_api = "https://api.github.com/repos/anomalyco/opencode/releases/assets/594449176"
provenance = "github-attestations"

[tools."github:anomalyco/opencode"."platforms.macos-arm64"]
checksum = "sha256:24b12873e605b3db3387cb355f43ba7451cd6065c180d8c188663337d2eeb553"
url = "https://github.com/anomalyco/opencode/releases/download/v1.18.33/opencode-darwin-arm64.zip"
url_api = "https://api.github.com/repos/anomalyco/opencode/releases/assets/594449070"
provenance = "github-attestations"

[[tools."github:anthropics/claude-code"]]
version = "2.1.285"
backend = "github:anthropics/claude-code"
specifiers = ["latest"]

[tools."github:anthropics/claude-code"."platforms.linux-arm64"]
checksum = "sha256:39bd977cb57144ba41ad165e4cca540e9b4b58199df79dd96fa7002be7086923"
url = "https://github.com/anthropics/claude-code/releases/download/v2.1.285/claude-linux-arm64.tar.gz"
url_api = "https://api.github.com/repos/anthropics/claude-code/releases/assets/598796735"
provenance = "github-attestations"

[tools."github:anthropics/claude-code"."platforms.linux-x64"]
checksum = "sha256:0cde844749a50c0f717a2b123d5771629d5c9a270c9203c81ac120a716444b36"
url = "https://github.com/anthropics/claude-code/releases/download/v2.1.285/claude-linux-x64.tar.gz"
url_api = "https://api.github.com/repos/anthropics/claude-code/releases/assets/598796905"
provenance = "github-attestations"

[tools."github:anthropics/claude-code"."platforms.macos-arm64"]
checksum = "sha256:3b1c9984a63193c7758b66c8769781428139935200c38e6462339cf4da463d78"
url = "https://github.com/anthropics/claude-code/releases/download/v2.1.285/claude-darwin-arm64.tar.gz"
url_api = "https://api.github.com/repos/anthropics/claude-code/releases/assets/598796737"
provenance = "github-attestations"

[[tools."github:google-antigravity/antigravity-cli"]]
version = "1.2.14"
backend = "github:google-antigravity/antigravity-cli"
specifiers = ["latest"]

[tools."github:google-antigravity/antigravity-cli".options]
matching = "agy_cli"

[tools."github:google-antigravity/antigravity-cli"."platforms.linux-arm64"]
checksum = "sha256:3b40c3baab245b43a41007c1db64df51f5f162b6059fcc4a4504731f2689d301"
url = "https://github.com/google-antigravity/antigravity-cli/releases/download/1.2.14/agy_cli_linux_arm64.tar.gz"
url_api = "https://api.github.com/repos/google-antigravity/antigravity-cli/releases/assets/599991490"

[tools."github:google-antigravity/antigravity-cli"."platforms.linux-x64"]
checksum = "sha256:68cf4d221cb62e0289245439d3d37f599bdc8e0c4e1e3dae03f326463a0c26dc"
url = "https://github.com/google-antigravity/antigravity-cli/releases/download/1.2.14/agy_cli_linux_x64.tar.gz"
url_api = "https://api.github.com/repos/google-antigravity/antigravity-cli/releases/assets/599991486"

[tools."github:google-antigravity/antigravity-cli"."platforms.macos-arm64"]
checksum = "sha256:468edcc454b6bb1c321d8d42591a16ace4d1a1d628a4f1ce95ad236c9ee4cc19"
url = "https://github.com/google-antigravity/antigravity-cli/releases/download/1.2.14/agy_cli_mac_arm64.tar.gz"
url_api = "https://api.github.com/repos/google-antigravity/antigravity-cli/releases/assets/599991587"

[[tools.hadolint]]
version = "2.15.1"
backend = "aqua:hadolint/hadolint"
specifiers = ["latest"]

[tools.hadolint."platforms.linux-arm64"]
checksum = "sha256:f6198ef8090f404dbb771abfee086eb8c48ac177f30da7fd3510aca35b344b5d"
url = "https://github.com/hadolint/hadolint/releases/download/v2.15.1/hadolint-linux-arm64"
url_api = "https://api.github.com/repos/hadolint/hadolint/releases/assets/496546507"

[tools.hadolint."platforms.linux-x64"]
checksum = "sha256:c7187db94eeeeca956519a6af171adc31453941a1e777961f6e680f697c8c507"
url = "https://github.com/hadolint/hadolint/releases/download/v2.15.1/hadolint-linux-x86_64"
url_api = "https://api.github.com/repos/hadolint/hadolint/releases/assets/496546506"

[tools.hadolint."platforms.macos-arm64"]
checksum = "sha256:5c09f3213f8e40406abe048233d985eebef336d4a6a20021be47fadb6cf480a2"
url = "https://github.com/hadolint/hadolint/releases/download/v2.15.1/hadolint-macos-arm64"
url_api = "https://api.github.com/repos/hadolint/hadolint/releases/assets/496546505"

[[tools.herdr]]
version = "0.9.3"
backend = "aqua:herdrdev/herdr"
specifiers = ["latest"]

[tools.herdr."platforms.linux-arm64"]
checksum = "sha256:4de7aa3e25678812e92960de64f7c2aaa1bca1f0f80a3c5e559837e231e1f5c0"
url = "https://github.com/herdrdev/herdr/releases/download/v0.9.3/herdr-linux-aarch64"
url_api = "https://api.github.com/repos/herdrdev/herdr/releases/assets/599036386"

[tools.herdr."platforms.linux-x64"]
checksum = "sha256:18a8dc65f1c2fa485884344356dea1cfd911c6f06cf46fa78e193f4087f4dba7"
url = "https://github.com/herdrdev/herdr/releases/download/v0.9.3/herdr-linux-x86_64"
url_api = "https://api.github.com/repos/herdrdev/herdr/releases/assets/599036383"

[tools.herdr."platforms.macos-arm64"]
checksum = "sha256:5173a3e0ae42d5d1ab7ebfa5d5e6329f7c3d23f8e1a3677c7ce3231da2884157"
url = "https://github.com/herdrdev/herdr/releases/download/v0.9.3/herdr-macos-aarch64"
url_api = "https://api.github.com/repos/herdrdev/herdr/releases/assets/599036381"

[[tools."npm:@github/copilot"]]
version = "1.0.89"
aube = { path = ".mise/locks/npm-github-copilot/1.0.89", digest = "sha256:29e23eb24b035e4bd8add9a7149ffadef8a4192249884ec7cabc6557ba0e942a" }
backend = "npm:@github/copilot"
specifiers = ["latest"]

[[tools."npm:@openai/codex"]]
version = "0.159.2"
aube = { path = ".mise/locks/npm-openai-codex/0.159.2", digest = "sha256:2e5f4e6e70718e72966e1ae6f6592e9a43112d85e23f7a3c7be3908d4a56ba95" }
backend = "npm:@openai/codex"
specifiers = ["latest"]

[[tools."npm:@openai/codex-security"]]
version = "0.1.31"
aube = { path = ".mise/locks/npm-openai-codex-security/0.1.31", digest = "sha256:68729d0d4d4966e671d322986523cd1e9466452d85cec4da2ad2868552d63cd0" }
backend = "npm:@openai/codex-security"
specifiers = ["latest"]

[[tools."npm:@playwright/cli"]]
version = "0.1.22"
aube = { path = ".mise/locks/npm-playwright-cli/0.1.22", digest = "sha256:f2db4a39ff14290524c7382d2b4b40dea121f00003bb18ba19551c717adb2b17" }
backend = "npm:@playwright/cli"
specifiers = ["latest"]

[[tools."npm:@steipete/oracle"]]
version = "0.21.3"
aube = { path = ".mise/locks/npm-steipete-oracle/0.21.3", digest = "sha256:adcb090626066f95edd4466d303cb29ca37f70f581b18ad1d97a0a1278551be3" }
backend = "npm:@steipete/oracle"
specifiers = ["latest"]

[[tools."npm:agent-browser"]]
version = "0.38.1"
aube = { path = ".mise/locks/npm-agent-browser/0.38.1", digest = "sha256:71da2d3eacd2d671de6b4f1621c8eb49c1288cf86a6b33f55654a8ad3d0f8321" }
backend = "npm:agent-browser"
specifiers = ["latest"]

[[tools."npm:command-code"]]
version = "1.72.4"
aube = { path = ".mise/locks/npm-command-code/1.72.4", digest = "sha256:312d323f1ede0109a5efc8629d30aa78ecfa72fb63b94b37270fefed6f9750a3" }
backend = "npm:command-code"
specifiers = ["latest"]

[[tools."pipx:checkov"]]
version = "3.3.20"
backend = "pipx:checkov"
specifiers = ["latest"]

[[tools."pipx:zizmor"]]
version = "1.30.1"
backend = "pipx:zizmor"
specifiers = ["latest"]

[[tools.terragrunt]]
version = "1.1.6"
backend = "aqua:gruntwork-io/terragrunt"
specifiers = ["latest"]

[tools.terragrunt."platforms.linux-arm64"]
checksum = "sha256:6f26b85e0befe77ac5f6777f810d8560e56a55cf87d9980fc2b9e29b2d347377"
url = "https://github.com/gruntwork-io/terragrunt/releases/download/v1.1.6/terragrunt_linux_arm64.tar.gz"
url_api = "https://api.github.com/repos/gruntwork-io/terragrunt/releases/assets/579002232"

[tools.terragrunt."platforms.linux-x64"]
checksum = "sha256:5dca0e3518445199ecfd8c356532e3f134bf3082b092cd2fd61f143ab9ea7a06"
url = "https://github.com/gruntwork-io/terragrunt/releases/download/v1.1.6/terragrunt_linux_amd64.tar.gz"
url_api = "https://api.github.com/repos/gruntwork-io/terragrunt/releases/assets/579002043"

[tools.terragrunt."platforms.macos-arm64"]
checksum = "sha256:c801b7c085a893ccbc5b9844522415e7bf1486d0a11341db793e76e61dc4c5f5"
url = "https://github.com/gruntwork-io/terragrunt/releases/download/v1.1.6/terragrunt_darwin_arm64.tar.gz"
url_api = "https://api.github.com/repos/gruntwork-io/terragrunt/releases/assets/579001652"

[[tools.uv]]
version = "0.12.21"
backend = "aqua:astral-sh/uv"
specifiers = ["latest"]

[tools.uv."platforms.linux-arm64"]
checksum = "sha256:030b69227b40af8c1981b7301793dc66e71ed3c796ea8688209dd268bd91ec51"
url = "https://github.com/astral-sh/uv/releases/download/0.12.21/uv-aarch64-unknown-linux-gnu.tar.gz"
url_api = "https://api.github.com/repos/astral-sh/uv/releases/assets/599237845"

[tools.uv."platforms.linux-x64"]
checksum = "sha256:23f02075b652bb1df64178cfae41b5caf160822e720e2663568f3f5d63bc52c0"
url = "https://github.com/astral-sh/uv/releases/download/0.12.21/uv-x86_64-unknown-linux-gnu.tar.gz"
url_api = "https://api.github.com/repos/astral-sh/uv/releases/assets/599238020"

[tools.uv."platforms.macos-arm64"]
checksum = "sha256:b88bda573e566ef9bced66b155fe0408626fbbc053aee1c30ba686f0728c9447"
url = "https://github.com/astral-sh/uv/releases/download/0.12.21/uv-aarch64-apple-darwin.tar.gz"
url_api = "https://api.github.com/repos/astral-sh/uv/releases/assets/599237829"
